Microsoft Visual Studio Solution File, Format Version 12.00
# Visual Studio Version 17
VisualStudioVersion = 17.3.32825.248
MinimumVisualStudioVersion = 10.0.40219.1

Project("{9A19103F-16F7-4668-BE54-9A1E7A4F7556}") = "Actors", "Actors\Actors.csproj", "{B7E4F084-0DFF-4C5F-8E51-0B2D2D65AB21}"
EndProject

Project("{9A19103F-16F7-4668-BE54-9A1E7A4F7556}") = "Tests", "Tests\Tests.csproj", "{4D558F42-9D56-4B8F-B3B9-98BBE4F64739}"
EndProject

Project("{9A19103F-16F7-4668-BE54-9A1E7A4F7556}") = "ActorsAPI", "ActorsAPI\ActorsAPI.csproj", "{EF7C0C3C-C6A8-42DA-9EB3-97DBA91371E7}"
EndProject

Project("{9A19103F-16F7-4668-BE54-9A1E7A4F7556}") = "UI", "UI\UI.csproj", "{15C6F8AB-B0F6-4D44-B482-8C91EB96B11F}"
EndProject

Global
	GlobalSection(SolutionConfigurationPlatforms) = preSolution
		Debug|Any CPU = Debug|Any CPU
		Release|Any CPU = Release|Any CPU
	EndGlobalSection

	GlobalSection(ProjectConfigurationPlatforms) = postSolution
		{B7E4F084-0DFF-4C5F-8E51-0B2D2D65AB21}.Debug|Any CPU.ActiveCfg = Debug|Any CPU
		{B7E4F084-0DFF-4C5F-8E51-0B2D2D65AB21}.Debug|Any CPU.Build.0 = Debug|Any CPU
		{B7E4F084-0DFF-4C5F-8E51-0B2D2D65AB21}.Release|Any CPU.ActiveCfg = Release|Any CPU
		{B7E4F084-0DFF-4C5F-8E51-0B2D2D65AB21}.Release|Any CPU.Build.0 = Release|Any CPU

		{4D558F42-9D56-4B8F-B3B9-98BBE4F64739}.Debug|Any CPU.ActiveCfg = Debug|Any CPU
		{4D558F42-9D56-4B8F-B3B9-98BBE4F64739}.Debug|Any CPU.Build.0 = Debug|Any CPU
		{4D558F42-9D56-4B8F-B3B9-98BBE4F64739}.Release|Any CPU.ActiveCfg = Release|Any CPU
		{4D558F42-9D56-4B8F-B3B9-98BBE4F64739}.Release|Any CPU.Build.0 = Release|Any CPU

		{EF7C0C3C-C6A8-42DA-9EB3-97DBA91371E7}.Debug|Any CPU.ActiveCfg = Debug|Any CPU
		{EF7C0C3C-C6A8-42DA-9EB3-97DBA91371E7}.Debug|Any CPU.Build.0 = Debug|Any CPU
		{EF7C0C3C-C6A8-42DA-9EB3-97DBA91371E7}.Release|Any CPU.ActiveCfg = Release|Any CPU
		{EF7C0C3C-C6A8-42DA-9EB3-97DBA91371E7}.Release|Any CPU.Build.0 = Release|Any CPU

		{15C6F8AB-B0F6-4D44-B482-8C91EB96B11F}.Debug|Any CPU.ActiveCfg = Debug|Any CPU
		{15C6F8AB-B0F6-4D44-B482-8C91EB96B11F}.Debug|Any CPU.Build.0 = Debug|Any CPU
		{15C6F8AB-B0F6-4D44-B482-8C91EB96B11F}.Release|Any CPU.ActiveCfg = Release|Any CPU
		{15C6F8AB-B0F6-4D44-B482-8C91EB96B11F}.Release|Any CPU.Build.0 = Release|Any CPU
	EndGlobalSection

	GlobalSection(SolutionProperties) = preSolution
		HideSolutionNode = FALSE
	EndGlobalSection
EndGlobal
